
Microsoft Visual Studio Solution File, Format Version 12.00
# Visual Studio Version 17
VisualStudioVersion = 17.14.36301.6 d17.14
MinimumVisualStudioVersion = 10.0.40219.1
Project("{FAE04EC0-301F-11D3-BF4B-00C04F79EFBC}") = "MedicalAppointmentApp", "MedicalAppointmentApp\MedicalAppointmentApp.csproj", "{AB0E6FC8-3004-470B-9167-3D548267A86A}"
EndProject
Global
	GlobalSection(SolutionConfigurationPlatforms) = preSolution
		Debug|Any CPU = Debug|Any CPU
		Release|Any CPU = Release|Any CPU
	EndGlobalSection
	GlobalSection(ProjectConfigurationPlatforms) = postSolution
		{AB0E6FC8-3004-470B-9167-3D548267A86A}.Debug|Any CPU.ActiveCfg = Debug|Any CPU
		{AB0E6FC8-3004-470B-9167-3D548267A86A}.Debug|Any CPU.Build.0 = Debug|Any CPU
		{AB0E6FC8-3004-470B-9167-3D548267A86A}.Release|Any CPU.ActiveCfg = Release|Any CPU
		{AB0E6FC8-3004-470B-9167-3D548267A86A}.Release|Any CPU.Build.0 = Release|Any CPU
	EndGlobalSection
	GlobalSection(SolutionProperties) = preSolution
		HideSolutionNode = FALSE
	EndGlobalSection
	GlobalSection(ExtensibilityGlobals) = postSolution
		SolutionGuid = {B46855A0-577A-45F8-8661-E5E860B4B46E}
	EndGlobalSection
EndGlobal
